Microsoft Visual Studio Solution File, Format Version 12.00
# Visual Studio Version 17
VisualStudioVersion = 17.5.2.0
MinimumVisualStudioVersion = 10.0.40219.1
Project("{FAE04EC0-301F-11D3-BF4B-00C04F79EFBC}") = "Student_Grading_Application", "Student_Grading_Application.csproj", "{BEF90E40-65C1-32B5-BAA4-85895A353AD5}"
EndProject
Global
	GlobalSection(SolutionConfigurationPlatforms) = preSolution
		Debug|Any CPU = Debug|Any CPU
		Release|Any CPU = Release|Any CPU
	EndGlobalSection
	GlobalSection(ProjectConfigurationPlatforms) = postSolution
		{BEF90E40-65C1-32B5-BAA4-85895A353AD5}.Debug|Any CPU.ActiveCfg = Debug|Any CPU
		{BEF90E40-65C1-32B5-BAA4-85895A353AD5}.Debug|Any CPU.Build.0 = Debug|Any CPU
		{BEF90E40-65C1-32B5-BAA4-85895A353AD5}.Release|Any CPU.ActiveCfg = Release|Any CPU
		{BEF90E40-65C1-32B5-BAA4-85895A353AD5}.Release|Any CPU.Build.0 = Release|Any CPU
	EndGlobalSection
	GlobalSection(SolutionProperties) = preSolution
		HideSolutionNode = FALSE
	EndGlobalSection
	GlobalSection(ExtensibilityGlobals) = postSolution
		SolutionGuid = {7BE00BB2-6DC7-4573-8835-A8063CFBF459}
	EndGlobalSection
EndGlobal
